
Microsoft Visual Studio Solution File, Format Version 12.00
Project("{FAE04EC0-301F-11D3-BF4B-00C04F79EFBC}") = "BlazorLeaflet", "BlazorLeaflet\BlazorLeaflet.csproj", "{405976EF-7E12-4F6F-AC0F-CCBF62A37D98}"
EndProject
Project("{FAE04EC0-301F-11D3-BF4B-00C04F79EFBC}") = "RepeaterQTH", "RepeaterQTH\RepeaterQTH.csproj", "{AAB6FAF4-C1A7-424E-A11B-1492C63BFEAA}"
EndProject
Global
	GlobalSection(SolutionConfigurationPlatforms) = preSolution
		Debug|Any CPU = Debug|Any CPU
		Release|Any CPU = Release|Any CPU
	EndGlobalSection
	GlobalSection(ProjectConfigurationPlatforms) = postSolution
		{405976EF-7E12-4F6F-AC0F-CCBF62A37D98}.Debug|Any CPU.ActiveCfg = Debug|Any CPU
		{405976EF-7E12-4F6F-AC0F-CCBF62A37D98}.Debug|Any CPU.Build.0 = Debug|Any CPU
		{405976EF-7E12-4F6F-AC0F-CCBF62A37D98}.Release|Any CPU.ActiveCfg = Release|Any CPU
		{405976EF-7E12-4F6F-AC0F-CCBF62A37D98}.Release|Any CPU.Build.0 = Release|Any CPU
		{AAB6FAF4-C1A7-424E-A11B-1492C63BFEAA}.Debug|Any CPU.ActiveCfg = Debug|Any CPU
		{AAB6FAF4-C1A7-424E-A11B-1492C63BFEAA}.Debug|Any CPU.Build.0 = Debug|Any CPU
		{AAB6FAF4-C1A7-424E-A11B-1492C63BFEAA}.Release|Any CPU.ActiveCfg = Release|Any CPU
		{AAB6FAF4-C1A7-424E-A11B-1492C63BFEAA}.Release|Any CPU.Build.0 = Release|Any CPU
	EndGlobalSection
EndGlobal
